{
  "requires": true,
  "lockfileVersion": 1,
  "dependencies": {
    "emoji-picker-element": {
      "version": "1.3.0",
      "resolved": "https://registry.npmjs.org/emoji-picker-element/-/emoji-picker-element-1.3.0.tgz",
      "integrity": "sha512-Zg+8rtr3vXKuAgBXWpSBghHq+I6o7+35N+25MN3P07pUyk07GXJ6B+gKr8ttUo2LZrLDZVoqKOVMzowkNwwZIg=="
    }
  }
}
